// !$*UTF8*$!
{
	archiveVersion = 1;
	classes = {
	};
	objectVersion = 46;
	objects = {

/* Begin PBXFileReference section */
		A613E83416C6B44A00C5711D /* assert-macros.h */ = {isa = PBXFileReference; lastKnownFileType = sourcecode.c.h; path = "assert-macros.h"; sourceTree = "<group>"; };
		A613E83516C6B44A00C5711D /* binding.gyp */ = {isa = PBXFileReference; lastKnownFileType = text; path = binding.gyp; sourceTree = "<group>"; };
		A613E83616C6B44A00C5711D /* coap.c */ = {isa = PBXFileReference; lastKnownFileType = sourcecode.c.c; path = coap.c; sourceTree = "<group>"; };
		A613E83716C6B44A00C5711D /* coap.h */ = {isa = PBXFileReference; lastKnownFileType = sourcecode.c.h; path = coap.h; sourceTree = "<group>"; };
		A613E83816C6B44A00C5711D /* coap.js */ = {isa = PBXFileReference; lastKnownFileType = sourcecode.javascript; path = coap.js; sourceTree = "<group>"; };
		A613E83916C6B44A00C5711D /* node_coap_parser.cc */ = {isa = PBXFileReference; lastKnownFileType = sourcecode.cpp.cpp; path = node_coap_parser.cc; sourceTree = "<group>"; };
		A613E83A16C6B44A00C5711D /* test.js */ = {isa = PBXFileReference; lastKnownFileType = sourcecode.javascript; path = test.js; sourceTree = "<group>"; };
		A6868112172F6D14001CE621 /* testrouter.js */ = {isa = PBXFileReference; lastKnownFileType = sourcecode.javascript; path = testrouter.js; sourceTree = "<group>"; };
/* End PBXFileReference section */

/* Begin PBXGroup section */
		A613E82816C6B3FD00C5711D = {
			isa = PBXGroup;
			children = (
				A613E83416C6B44A00C5711D /* assert-macros.h */,
				A613E83516C6B44A00C5711D /* binding.gyp */,
				A613E83616C6B44A00C5711D /* coap.c */,
				A613E83716C6B44A00C5711D /* coap.h */,
				A613E83816C6B44A00C5711D /* coap.js */,
				A6868112172F6D14001CE621 /* testrouter.js */,
				A613E83916C6B44A00C5711D /* node_coap_parser.cc */,
				A613E83A16C6B44A00C5711D /* test.js */,
			);
			sourceTree = "<group>";
		};
/* End PBXGroup section */

/* Begin PBXProject section */
		A613E82A16C6B3FD00C5711D /* Project object */ = {
			isa = PBXProject;
			attributes = {
				LastUpgradeCheck = 0450;
			};
			buildConfigurationList = A613E82D16C6B3FD00C5711D /* Build configuration list for PBXProject "node-coap" */;
			compatibilityVersion = "Xcode 3.2";
			developmentRegion = English;
			hasScannedForEncodings = 0;
			knownRegions = (
				en,
			);
			mainGroup = A613E82816C6B3FD00C5711D;
			projectDirPath = "";
			projectRoot = "";
			targets = (
			);
		};
/* End PBXProject section */

/* Begin XCBuildConfiguration section */
		A613E82F16C6B3FD00C5711D /* Debug */ = {
			isa = XCBuildConfiguration;
			buildSettings = {
			};
			name = Debug;
		};
		A613E83016C6B3FD00C5711D /* Release */ = {
			isa = XCBuildConfiguration;
			buildSettings = {
			};
			name = Release;
		};
/* End XCBuildConfiguration section */

/* Begin XCConfigurationList section */
		A613E82D16C6B3FD00C5711D /* Build configuration list for PBXProject "node-coap" */ = {
			isa = XCConfigurationList;
			buildConfigurations = (
				A613E82F16C6B3FD00C5711D /* Debug */,
				A613E83016C6B3FD00C5711D /* Release */,
			);
			defaultConfigurationIsVisible = 0;
			defaultConfigurationName = Release;
		};
/* End XCConfigurationList section */
	};
	rootObject = A613E82A16C6B3FD00C5711D /* Project object */;
}
